
Microsoft Visual Studio Solution File, Format Version 12.00
# Visual Studio Version 16
VisualStudioVersion = 16.0.29411.108
MinimumVisualStudioVersion = 10.0.40219.1
Project("{FAE04EC0-301F-11D3-BF4B-00C04F79EFBC}") = "Lists and graphs", "Lists and graphs\Lists and graphs.csproj", "{2B7F29C8-4BEA-4349-AE64-423ABED5BC2A}"
EndProject
Global
	GlobalSection(SolutionConfigurationPlatforms) = preSolution
		Debug|Any CPU = Debug|Any CPU
		Release|Any CPU = Release|Any CPU
	EndGlobalSection
	GlobalSection(ProjectConfigurationPlatforms) = postSolution
		{2B7F29C8-4BEA-4349-AE64-423ABED5BC2A}.Debug|Any CPU.ActiveCfg = Debug|Any CPU
		{2B7F29C8-4BEA-4349-AE64-423ABED5BC2A}.Debug|Any CPU.Build.0 = Debug|Any CPU
		{2B7F29C8-4BEA-4349-AE64-423ABED5BC2A}.Release|Any CPU.ActiveCfg = Release|Any CPU
		{2B7F29C8-4BEA-4349-AE64-423ABED5BC2A}.Release|Any CPU.Build.0 = Release|Any CPU
	EndGlobalSection
	GlobalSection(SolutionProperties) = preSolution
		HideSolutionNode = FALSE
	EndGlobalSection
	GlobalSection(ExtensibilityGlobals) = postSolution
		SolutionGuid = {0087CB4D-BF34-4476-AA8C-DF7C84BEA7DD}
	EndGlobalSection
EndGlobal
